// !$*UTF8*$!
{
	archiveVersion = 1;
	classes = {
	};
	objectVersion = 56;
	objects = {

/* Begin PBXBuildFile section */
		52888FBE2C08ED9E00A611E7 /* AppDelegate.swift in Sources */ = {isa = PBXBuildFile; fileRef = 52888FBD2C08ED9E00A611E7 /* AppDelegate.swift */; };
		52888FC02C08ED9E00A611E7 /* SceneDelegate.swift in Sources */ = {isa = PBXBuildFile; fileRef = 52888FBF2C08ED9E00A611E7 /* SceneDelegate.swift */; };
		52888FC22C08ED9E00A611E7 /* ViewController.swift in Sources */ = {isa = PBXBuildFile; fileRef = 52888FC12C08ED9E00A611E7 /* ViewController.swift */; };
		52888FC52C08ED9E00A611E7 /* Base in Resources */ = {isa = PBXBuildFile; fileRef = 52888FC42C08ED9E00A611E7 /* Base */; };
		52888FC72C08ED9F00A611E7 /* Assets.xcassets in Resources */ = {isa = PBXBuildFile; fileRef = 52888FC62C08ED9F00A611E7 /* Assets.xcassets */; };
		52888FCA2C08ED9F00A611E7 /* Base in Resources */ = {isa = PBXBuildFile; fileRef = 52888FC92C08ED9F00A611E7 /* Base */; };
		52888FD32C08F1C000A611E7 /* SnapKit in Frameworks */ = {isa = PBXBuildFile; productRef = 52888FD22C08F1C000A611E7 /* SnapKit */; };
		52888FD52C08F1C000A611E7 /* SnapKit-Dynamic in Frameworks */ = {isa = PBXBuildFile; productRef = 52888FD42C08F1C000A611E7 /* SnapKit-Dynamic */; };
/* End PBXBuildFile section */

/* Begin PBXFileReference section */
		52888FBA2C08ED9E00A611E7 /* Eatery.app */ = {isa = PBXFileReference; explicitFileType = wrapper.application; includeInIndex = 0; path = Eatery.app; sourceTree = BUILT_PRODUCTS_DIR; };
		52888FBD2C08ED9E00A611E7 /* AppDelegate.swift */ = {isa = PBXFileReference; lastKnownFileType = sourcecode.swift; path = AppDelegate.swift; sourceTree = "<group>"; };
		52888FBF2C08ED9E00A611E7 /* SceneDelegate.swift */ = {isa = PBXFileReference; lastKnownFileType = sourcecode.swift; path = SceneDelegate.swift; sourceTree = "<group>"; };
		52888FC12C08ED9E00A611E7 /* ViewController.swift */ = {isa = PBXFileReference; lastKnownFileType = sourcecode.swift; path = ViewController.swift; sourceTree = "<group>"; };
		52888FC42C08ED9E00A611E7 /* Base */ = {isa = PBXFileReference; lastKnownFileType = file.storyboard; name = Base; path = Base.lproj/Main.storyboard; sourceTree = "<group>"; };
		52888FC62C08ED9F00A611E7 /* Assets.xcassets */ = {isa = PBXFileReference; lastKnownFileType = folder.assetcatalog; path = Assets.xcassets; sourceTree = "<group>"; };
		52888FC92C08ED9F00A611E7 /* Base */ = {isa = PBXFileReference; lastKnownFileType = file.storyboard; name = Base; path = Base.lproj/LaunchScreen.storyboard; sourceTree = "<group>"; };
		52888FCB2C08ED9F00A611E7 /* Info.plist */ = {isa = PBXFileReference; lastKnownFileType = text.plist.xml; path = Info.plist; sourceTree = "<group>"; };
/* End PBXFileReference section */

/* Begin PBXFrameworksBuildPhase section */
		52888FB72C08ED9E00A611E7 /* Frameworks */ = {
			isa = PBXFrameworksBuildPhase;
			buildActionMask = 2147483647;
			files = (
				52888FD32C08F1C000A611E7 /* SnapKit in Frameworks */,
				52888FD52C08F1C000A611E7 /* SnapKit-Dynamic in Frameworks */,
			);
			runOnlyForDeploymentPostprocessing = 0;
		};
/* End PBXFrameworksBuildPhase section */

/* Begin PBXGroup section */
		52888FB12C08ED9D00A611E7 = {
			isa = PBXGroup;
			children = (
				52888FBC2C08ED9E00A611E7 /* Eatery */,
				52888FBB2C08ED9E00A611E7 /* Products */,
			);
			sourceTree = "<group>";
		};
		52888FBB2C08ED9E00A611E7 /* Products */ = {
			isa = PBXGroup;
			children = (
				52888FBA2C08ED9E00A611E7 /* Eatery.app */,
			);
			name = Products;
			sourceTree = "<group>";
		};
		52888FBC2C08ED9E00A611E7 /* Eatery */ = {
			isa = PBXGroup;
			children = (
				52888FBD2C08ED9E00A611E7 /* AppDelegate.swift */,
				52888FBF2C08ED9E00A611E7 /* SceneDelegate.swift */,
				52888FC12C08ED9E00A611E7 /* ViewController.swift */,
				52888FC32C08ED9E00A611E7 /* Main.storyboard */,
				52888FC62C08ED9F00A611E7 /* Assets.xcassets */,
				52888FC82C08ED9F00A611E7 /* LaunchScreen.storyboard */,
				52888FCB2C08ED9F00A611E7 /* Info.plist */,
			);
			path = Eatery;
			sourceTree = "<group>";
		};
/* End PBXGroup section */

/* Begin PBXNativeTarget section */
		52888FB92C08ED9E00A611E7 /* Eatery */ = {
			isa = PBXNativeTarget;
			buildConfigurationList = 52888FCE2C08ED9F00A611E7 /* Build configuration list for PBXNativeTarget "Eatery" */;
			buildPhases = (
				52888FB62C08ED9E00A611E7 /* Sources */,
				52888FB72C08ED9E00A611E7 /* Frameworks */,
				52888FB82C08ED9E00A611E7 /* Resources */,
			);
			buildRules = (
			);
			dependencies = (
			);
			name = Eatery;
			packageProductDependencies = (
				52888FD22C08F1C000A611E7 /* SnapKit */,
				52888FD42C08F1C000A611E7 /* SnapKit-Dynamic */,
			);
			productName = Eatery;
			productReference = 52888FBA2C08ED9E00A611E7 /* Eatery.app */;
			productType = "com.apple.product-type.application";
		};
/* End PBXNativeTarget section */

/* Begin PBXProject section */
		52888FB22C08ED9D00A611E7 /* Project object */ = {
			isa = PBXProject;
			attributes = {
				BuildIndependentTargetsInParallel = 1;
				LastSwiftUpdateCheck = 1530;
				LastUpgradeCheck = 1530;
				TargetAttributes = {
					52888FB92C08ED9E00A611E7 = {
						CreatedOnToolsVersion = 15.3;
					};
				};
			};
			buildConfigurationList = 52888FB52C08ED9D00A611E7 /* Build configuration list for PBXProject "Eatery" */;
			compatibilityVersion = "Xcode 14.0";
			developmentRegion = en;
			hasScannedForEncodings = 0;
			knownRegions = (
				en,
				Base,
			);
			mainGroup = 52888FB12C08ED9D00A611E7;
			packageReferences = (
				52888FD12C08F1C000A611E7 /* XCRemoteSwiftPackageReference "SnapKit" */,
			);
			productRefGroup = 52888FBB2C08ED9E00A611E7 /* Products */;
			projectDirPath = "";
			projectRoot = "";
			targets = (
				52888FB92C08ED9E00A611E7 /* Eatery */,
			);
		};
/* End PBXProject section */

/* Begin PBXResourcesBuildPhase section */
		52888FB82C08ED9E00A611E7 /* Resources */ = {
			isa = PBXResourcesBuildPhase;
			buildActionMask = 2147483647;
			files = (
				52888FC72C08ED9F00A611E7 /* Assets.xcassets in Resources */,
				52888FCA2C08ED9F00A611E7 /* Base in Resources */,
				52888FC52C08ED9E00A611E7 /* Base in Resources */,
			);
			runOnlyForDeploymentPostprocessing = 0;
		};
/* End PBXResourcesBuildPhase section */

/* Begin PBXSourcesBuildPhase section */
		52888FB62C08ED9E00A611E7 /* Sources */ = {
			isa = PBXSourcesBuildPhase;
			buildActionMask = 2147483647;
			files = (
				52888FC22C08ED9E00A611E7 /* ViewController.swift in Sources */,
				52888FBE2C08ED9E00A611E7 /* AppDelegate.swift in Sources */,
				52888FC02C08ED9E00A611E7 /* SceneDelegate.swift in Sources */,
			);
			runOnlyForDeploymentPostprocessing = 0;
		};
/* End PBXSourcesBuildPhase section */

/* Begin PBXVariantGroup section */
		52888FC32C08ED9E00A611E7 /* Main.storyboard */ = {
			isa = PBXVariantGroup;
			children = (
				52888FC42C08ED9E00A611E7 /* Base */,
			);
			name = Main.storyboard;
			sourceTree = "<group>";
		};
		52888FC82C08ED9F00A611E7 /* LaunchScreen.storyboard */ = {
			isa = PBXVariantGroup;
			children = (
				52888FC92C08ED9F00A611E7 /* Base */,
			);
			name = LaunchScreen.storyboard;
			sourceTree = "<group>";
		};
/* End PBXVariantGroup section */

/* Begin XCBuildConfiguration section */
		52888FCC2C08ED9F00A611E7 /* Debug */ = {
			isa = XCBuildConfiguration;
			buildSettings = {
				ALWAYS_SEARCH_USER_PATHS = NO;
				ASSETCATALOG_COMPILER_GENERATE_SWIFT_ASSET_SYMBOL_EXTENSIONS = YES;
				CLANG_ANALYZER_NONNULL = YES;
				CLANG_ANALYZER_NUMBER_OBJECT_CONVERSION = YES_AGGRESSIVE;
				CLANG_CXX_LANGUAGE_STANDARD = "gnu++20";
				CLANG_ENABLE_MODULES = YES;
				CLANG_ENABLE_OBJC_ARC = YES;
				CLANG_ENABLE_OBJC_WEAK = YES;
				CLANG_WARN_BLOCK_CAPTURE_AUTORELEASING = YES;
				CLANG_WARN_BOOL_CONVERSION = YES;
				CLANG_WARN_COMMA = YES;
				CLANG_WARN_CONSTANT_CONVERSION = YES;
				CLANG_WARN_DEPRECATED_OBJC_IMPLEMENTATIONS = YES;
				CLANG_WARN_DIRECT_OBJC_ISA_USAGE = YES_ERROR;
				CLANG_WARN_DOCUMENTATION_COMMENTS = YES;
				CLANG_WARN_EMPTY_BODY = YES;
				CLANG_WARN_ENUM_CONVERSION = YES;
				CLANG_WARN_INFINITE_RECURSION = YES;
				CLANG_WARN_INT_CONVERSION = YES;
				CLANG_WARN_NON_LITERAL_NULL_CONVERSION = YES;
				CLANG_WARN_OBJC_IMPLICIT_RETAIN_SELF = YES;
				CLANG_WARN_OBJC_LITERAL_CONVERSION = YES;
				CLANG_WARN_OBJC_ROOT_CLASS = YES_ERROR;
				CLANG_WARN_QUOTED_INCLUDE_IN_FRAMEWORK_HEADER = YES;
				CLANG_WARN_RANGE_LOOP_ANALYSIS = YES;
				CLANG_WARN_STRICT_PROTOTYPES = YES;
				CLANG_WARN_SUSPICIOUS_MOVE = YES;
				CLANG_WARN_UNGUARDED_AVAILABILITY = YES_AGGRESSIVE;
				CLANG_WARN_UNREACHABLE_CODE = YES;
				CLANG_WARN__DUPLICATE_METHOD_MATCH = YES;
				COPY_PHASE_STRIP = NO;
				DEBUG_INFORMATION_FORMAT = dwarf;
				ENABLE_STRICT_OBJC_MSGSEND = YES;
				ENABLE_TESTABILITY = YES;
				ENABLE_USER_SCRIPT_SANDBOXING = YES;
				GCC_C_LANGUAGE_STANDARD = gnu17;
				GCC_DYNAMIC_NO_PIC = NO;
				GCC_NO_COMMON_BLOCKS = YES;
				GCC_OPTIMIZATION_LEVEL = 0;
				GCC_PREPROCESSOR_DEFINITIONS = (
					"DEBUG=1",
					"$(inherited)",
				);
				GCC_WARN_64_TO_32_BIT_CONVERSION = YES;
				GCC_WARN_ABOUT_RETURN_TYPE = YES_ERROR;
				GCC_WARN_UNDECLARED_SELECTOR = YES;
				GCC_WARN_UNINITIALIZED_AUTOS = YES_AGGRESSIVE;
				GCC_WARN_UNUSED_FUNCTION = YES;
				GCC_WARN_UNUSED_VARIABLE = YES;
				IPHONEOS_DEPLOYMENT_TARGET = 17.4;
				LOCALIZATION_PREFERS_STRING_CATALOGS = YES;
				MTL_ENABLE_DEBUG_INFO = INCLUDE_SOURCE;
				MTL_FAST_MATH = YES;
				ONLY_ACTIVE_ARCH = YES;
				SDKROOT = iphoneos;
				SWIFT_ACTIVE_COMPILATION_CONDITIONS = "DEBUG $(inherited)";
				SWIFT_OPTIMIZATION_LEVEL = "-Onone";
			};
			name = Debug;
		};
		52888FCD2C08ED9F00A611E7 /* Release */ = {
			isa = XCBuildConfiguration;
			buildSettings = {
				ALWAYS_SEARCH_USER_PATHS = NO;
				ASSETCATALOG_COMPILER_GENERATE_SWIFT_ASSET_SYMBOL_EXTENSIONS = YES;
				CLANG_ANALYZER_NONNULL = YES;
				CLANG_ANALYZER_NUMBER_OBJECT_CONVERSION = YES_AGGRESSIVE;
				CLANG_CXX_LANGUAGE_STANDARD = "gnu++20";
				CLANG_ENABLE_MODULES = YES;
				CLANG_ENABLE_OBJC_ARC = YES;
				CLANG_ENABLE_OBJC_WEAK = YES;
				CLANG_WARN_BLOCK_CAPTURE_AUTORELEASING = YES;
				CLANG_WARN_BOOL_CONVERSION = YES;
				CLANG_WARN_COMMA = YES;
				CLANG_WARN_CONSTANT_CONVERSION = YES;
				CLANG_WARN_DEPRECATED_OBJC_IMPLEMENTATIONS = YES;
				CLANG_WARN_DIRECT_OBJC_ISA_USAGE = YES_ERROR;
				CLANG_WARN_DOCUMENTATION_COMMENTS = YES;
				CLANG_WARN_EMPTY_BODY = YES;
				CLANG_WARN_ENUM_CONVERSION = YES;
				CLANG_WARN_INFINITE_RECURSION = YES;
				CLANG_WARN_INT_CONVERSION = YES;
				CLANG_WARN_NON_LITERAL_NULL_CONVERSION = YES;
				CLANG_WARN_OBJC_IMPLICIT_RETAIN_SELF = YES;
				CLANG_WARN_OBJC_LITERAL_CONVERSION = YES;
				CLANG_WARN_OBJC_ROOT_CLASS = YES_ERROR;
				CLANG_WARN_QUOTED_INCLUDE_IN_FRAMEWORK_HEADER = YES;
				CLANG_WARN_RANGE_LOOP_ANALYSIS = YES;
				CLANG_WARN_STRICT_PROTOTYPES = YES;
				CLANG_WARN_SUSPICIOUS_MOVE = YES;
				CLANG_WARN_UNGUARDED_AVAILABILITY = YES_AGGRESSIVE;
				CLANG_WARN_UNREACHABLE_CODE = YES;
				CLANG_WARN__DUPLICATE_METHOD_MATCH = YES;
				COPY_PHASE_STRIP = NO;
				DEBUG_INFORMATION_FORMAT = "dwarf-with-dsym";
				ENABLE_NS_ASSERTIONS = NO;
				ENABLE_STRICT_OBJC_MSGSEND = YES;
				ENABLE_USER_SCRIPT_SANDBOXING = YES;
				GCC_C_LANGUAGE_STANDARD = gnu17;
				GCC_NO_COMMON_BLOCKS = YES;
				GCC_WARN_64_TO_32_BIT_CONVERSION = YES;
				GCC_WARN_ABOUT_RETURN_TYPE = YES_ERROR;
				GCC_WARN_UNDECLARED_SELECTOR = YES;
				GCC_WARN_UNINITIALIZED_AUTOS = YES_AGGRESSIVE;
				GCC_WARN_UNUSED_FUNCTION = YES;
				GCC_WARN_UNUSED_VARIABLE = YES;
				IPHONEOS_DEPLOYMENT_TARGET = 17.4;
				LOCALIZATION_PREFERS_STRING_CATALOGS = YES;
				MTL_ENABLE_DEBUG_INFO = NO;
				MTL_FAST_MATH = YES;
				SDKROOT = iphoneos;
				SWIFT_COMPILATION_MODE = wholemodule;
				VALIDATE_PRODUCT = YES;
			};
			name = Release;
		};
		52888FCF2C08ED9F00A611E7 /* Debug */ = {
			isa = XCBuildConfiguration;
			buildSettings = {
				ASSETCATALOG_COMPILER_APPICON_NAME = AppIcon;
				ASSETCATALOG_COMPILER_GLOBAL_ACCENT_COLOR_NAME = AccentColor;
				CODE_SIGN_STYLE = Automatic;
				CURRENT_PROJECT_VERSION = 1;
				DEVELOPMENT_TEAM = CQAJT5B3K8;
				GENERATE_INFOPLIST_FILE = YES;
				INFOPLIST_FILE = Eatery/Info.plist;
				INFOPLIST_KEY_UIApplicationSupportsIndirectInputEvents = YES;
				INFOPLIST_KEY_UILaunchStoryboardName = LaunchScreen;
				INFOPLIST_KEY_UIMainStoryboardFile = Main;
				INFOPLIST_KEY_UISupportedInterfaceOrientations_iPad = "UIInterfaceOrientationPortrait UIInterfaceOrientationPortraitUpsideDown UIInterfaceOrientationLandscapeLeft UIInterfaceOrientationLandscapeRight";
				INFOPLIST_KEY_UISupportedInterfaceOrientations_iPhone = "UIInterfaceOrientationPortrait UIInterfaceOrientationLandscapeLeft UIInterfaceOrientationLandscapeRight";
				LD_RUNPATH_SEARCH_PATHS = (
					"$(inherited)",
					"@executable_path/Frameworks",
				);
				MARKETING_VERSION = 1.0;
				PRODUCT_BUNDLE_IDENTIFIER = com.akir.Eatery;
				PRODUCT_NAME = "$(TARGET_NAME)";
				SWIFT_EMIT_LOC_STRINGS = YES;
				SWIFT_VERSION = 5.0;
				TARGETED_DEVICE_FAMILY = "1,2";
			};
			name = Debug;
		};
		52888FD02C08ED9F00A611E7 /* Release */ = {
			isa = XCBuildConfiguration;
			buildSettings = {
				ASSETCATALOG_COMPILER_APPICON_NAME = AppIcon;
				ASSETCATALOG_COMPILER_GLOBAL_ACCENT_COLOR_NAME = AccentColor;
				CODE_SIGN_STYLE = Automatic;
				CURRENT_PROJECT_VERSION = 1;
				DEVELOPMENT_TEAM = CQAJT5B3K8;
				GENERATE_INFOPLIST_FILE = YES;
				INFOPLIST_FILE = Eatery/Info.plist;
				INFOPLIST_KEY_UIApplicationSupportsIndirectInputEvents = YES;
				INFOPLIST_KEY_UILaunchStoryboardName = LaunchScreen;
				INFOPLIST_KEY_UIMainStoryboardFile = Main;
				INFOPLIST_KEY_UISupportedInterfaceOrientations_iPad = "UIInterfaceOrientationPortrait UIInterfaceOrientationPortraitUpsideDown UIInterfaceOrientationLandscapeLeft UIInterfaceOrientationLandscapeRight";
				INFOPLIST_KEY_UISupportedInterfaceOrientations_iPhone = "UIInterfaceOrientationPortrait UIInterfaceOrientationLandscapeLeft UIInterfaceOrientationLandscapeRight";
				LD_RUNPATH_SEARCH_PATHS = (
					"$(inherited)",
					"@executable_path/Frameworks",
				);
				MARKETING_VERSION = 1.0;
				PRODUCT_BUNDLE_IDENTIFIER = com.akir.Eatery;
				PRODUCT_NAME = "$(TARGET_NAME)";
				SWIFT_EMIT_LOC_STRINGS = YES;
				SWIFT_VERSION = 5.0;
				TARGETED_DEVICE_FAMILY = "1,2";
			};
			name = Release;
		};
/* End XCBuildConfiguration section */

/* Begin XCConfigurationList section */
		52888FB52C08ED9D00A611E7 /* Build configuration list for PBXProject "Eatery" */ = {
			isa = XCConfigurationList;
			buildConfigurations = (
				52888FCC2C08ED9F00A611E7 /* Debug */,
				52888FCD2C08ED9F00A611E7 /* Release */,
			);
			defaultConfigurationIsVisible = 0;
			defaultConfigurationName = Release;
		};
		52888FCE2C08ED9F00A611E7 /* Build configuration list for PBXNativeTarget "Eatery" */ = {
			isa = XCConfigurationList;
			buildConfigurations = (
				52888FCF2C08ED9F00A611E7 /* Debug */,
				52888FD02C08ED9F00A611E7 /* Release */,
			);
			defaultConfigurationIsVisible = 0;
			defaultConfigurationName = Release;
		};
/* End XCConfigurationList section */

/* Begin XCRemoteSwiftPackageReference section */
		52888FD12C08F1C000A611E7 /* XCRemoteSwiftPackageReference "SnapKit" */ = {
			isa = XCRemoteSwiftPackageReference;
			repositoryURL = "https://github.com/SnapKit/SnapKit";
			requirement = {
				kind = upToNextMajorVersion;
				minimumVersion = 5.7.1;
			};
		};
/* End XCRemoteSwiftPackageReference section */

/* Begin XCSwiftPackageProductDependency section */
		52888FD22C08F1C000A611E7 /* SnapKit */ = {
			isa = XCSwiftPackageProductDependency;
			package = 52888FD12C08F1C000A611E7 /* XCRemoteSwiftPackageReference "SnapKit" */;
			productName = SnapKit;
		};
		52888FD42C08F1C000A611E7 /* SnapKit-Dynamic */ = {
			isa = XCSwiftPackageProductDependency;
			package = 52888FD12C08F1C000A611E7 /* XCRemoteSwiftPackageReference "SnapKit" */;
			productName = "SnapKit-Dynamic";
		};
/* End XCSwiftPackageProductDependency section */
	};
	rootObject = 52888FB22C08ED9D00A611E7 /* Project object */;
}
